
Microsoft Visual Studio Solution File, Format Version 12.00
# Visual Studio Version 17
VisualStudioVersion = 17.12.35514.174
MinimumVisualStudioVersion = 10.0.40219.1
Project("{FAE04EC0-301F-11D3-BF4B-00C04F79EFBC}") = "MO_32_2_Pereuznik_esc", "MO_32_2_Pereuznik_esc\MO_32_2_Pereuznik_esc.csproj", "{490E0282-7B6D-462B-8A9C-3A1262856106}"
EndProject
Global
	GlobalSection(SolutionConfigurationPlatforms) = preSolution
		Debug|Any CPU = Debug|Any CPU
		Release|Any CPU = Release|Any CPU
	EndGlobalSection
	GlobalSection(ProjectConfigurationPlatforms) = postSolution
		{490E0282-7B6D-462B-8A9C-3A1262856106}.Debug|Any CPU.ActiveCfg = Debug|Any CPU
		{490E0282-7B6D-462B-8A9C-3A1262856106}.Debug|Any CPU.Build.0 = Debug|Any CPU
		{490E0282-7B6D-462B-8A9C-3A1262856106}.Release|Any CPU.ActiveCfg = Release|Any CPU
		{490E0282-7B6D-462B-8A9C-3A1262856106}.Release|Any CPU.Build.0 = Release|Any CPU
	EndGlobalSection
	GlobalSection(SolutionProperties) = preSolution
		HideSolutionNode = FALSE
	EndGlobalSection
EndGlobal
